
Microsoft Visual Studio Solution File, Format Version 12.00
# Visual Studio Version 17
VisualStudioVersion = 17.5.33516.290
MinimumVisualStudioVersion = 10.0.40219.1
Project("{9A19103F-16F7-4668-BE54-9A1E7A4F7556}") = "Mystore1", "Mystore1\Mystore1.csproj", "{601410CB-78AD-4CFC-8E0E-2B9F103F8979}"
EndProject
Global
	GlobalSection(SolutionConfigurationPlatforms) = preSolution
		Debug|Any CPU = Debug|Any CPU
		Release|Any CPU = Release|Any CPU
	EndGlobalSection
	GlobalSection(ProjectConfigurationPlatforms) = postSolution
		{601410CB-78AD-4CFC-8E0E-2B9F103F8979}.Debug|Any CPU.ActiveCfg = Debug|Any CPU
		{601410CB-78AD-4CFC-8E0E-2B9F103F8979}.Debug|Any CPU.Build.0 = Debug|Any CPU
		{601410CB-78AD-4CFC-8E0E-2B9F103F8979}.Release|Any CPU.ActiveCfg = Release|Any CPU
		{601410CB-78AD-4CFC-8E0E-2B9F103F8979}.Release|Any CPU.Build.0 = Release|Any CPU
	EndGlobalSection
	GlobalSection(SolutionProperties) = preSolution
		HideSolutionNode = FALSE
	EndGlobalSection
	GlobalSection(ExtensibilityGlobals) = postSolution
		SolutionGuid = {CC68E26C-ED8F-4812-9181-C9A1B899EA47}
	EndGlobalSection
EndGlobal
